<Solution>
  <Folder Name="/Solution Items/">
    <File Path=".gitignore" />
  </Folder>
  <Project Path="api-server/api-server.esproj">
    <Build />
    <Deploy />
  </Project>
  <Project Path="recommender-system/recommender-system.pyproj" Type="888888a0-9f3d-457c-b088-3a5042f75d52" Id="9bdc7cad-53e5-44bd-a3c1-da826f5d1699">
    <Build Project="false" />
  </Project>
  <Project Path="youchews-frontend/youchews-frontend.esproj">
    <Build />
    <Deploy />
  </Project>
</Solution>
